// !$*UTF8*$!
{
	archiveVersion = 1;
	classes = {
	};
	objectVersion = 56;
	objects = {

/* Begin PBXBuildFile section */
		3E043A2C2BE9D46800C7DD99 /* AppDelegate.swift in Sources */ = {isa = PBXBuildFile; fileRef = 3E043A2B2BE9D46800C7DD99 /* AppDelegate.swift */; };
		3E043A302BE9D46800C7DD99 /* ViewController.swift in Sources */ = {isa = PBXBuildFile; fileRef = 3E043A2F2BE9D46800C7DD99 /* ViewController.swift */; };
		3E043A332BE9D46800C7DD99 /* Base in Resources */ = {isa = PBXBuildFile; fileRef = 3E043A322BE9D46800C7DD99 /* Base */; };
		3E043A352BE9D46A00C7DD99 /* Assets.xcassets in Resources */ = {isa = PBXBuildFile; fileRef = 3E043A342BE9D46A00C7DD99 /* Assets.xcassets */; };
		3E043A382BE9D46A00C7DD99 /* Base in Resources */ = {isa = PBXBuildFile; fileRef = 3E043A372BE9D46A00C7DD99 /* Base */; };
		3E043A432BE9D46B00C7DD99 /* SlideRulerTests.swift in Sources */ = {isa = PBXBuildFile; fileRef = 3E043A422BE9D46B00C7DD99 /* SlideRulerTests.swift */; };
		3E043A4D2BE9D46B00C7DD99 /* SlideRulerUITests.swift in Sources */ = {isa = PBXBuildFile; fileRef = 3E043A4C2BE9D46B00C7DD99 /* SlideRulerUITests.swift */; };
		3E043A4F2BE9D46B00C7DD99 /* SlideRulerUITestsLaunchTests.swift in Sources */ = {isa = PBXBuildFile; fileRef = 3E043A4E2BE9D46B00C7DD99 /* SlideRulerUITestsLaunchTests.swift */; };
		3E043A652BE9D49700C7DD99 /* STShakeManager.swift in Sources */ = {isa = PBXBuildFile; fileRef = 3E043A5D2BE9D49700C7DD99 /* STShakeManager.swift */; };
		3E043A662BE9D49700C7DD99 /* UIDevice+model.swift in Sources */ = {isa = PBXBuildFile; fileRef = 3E043A602BE9D49700C7DD99 /* UIDevice+model.swift */; };
		3E043A672BE9D49700C7DD99 /* RulerLayout.m in Sources */ = {isa = PBXBuildFile; fileRef = 3E043A612BE9D49700C7DD99 /* RulerLayout.m */; };
		3E043A682BE9D49700C7DD99 /* RulerCollectionViewCell.m in Sources */ = {isa = PBXBuildFile; fileRef = 3E043A622BE9D49700C7DD99 /* RulerCollectionViewCell.m */; };
		3E043A692BE9D49700C7DD99 /* RulerView.m in Sources */ = {isa = PBXBuildFile; fileRef = 3E043A642BE9D49700C7DD99 /* RulerView.m */; };
		3E06C0192BEF033800F96945 /* WaterViewController.swift in Sources */ = {isa = PBXBuildFile; fileRef = 3E06C0182BEF033800F96945 /* WaterViewController.swift */; };
		3E79F3232BF3487F006C31D1 /* RippleView.swift in Sources */ = {isa = PBXBuildFile; fileRef = 3E79F3222BF3487F006C31D1 /* RippleView.swift */; };
		3E79F3262BF375EA006C31D1 /* YLImageProvider.swift in Sources */ = {isa = PBXBuildFile; fileRef = 3E79F3242BF375E9006C31D1 /* YLImageProvider.swift */; };
		3E79F3272BF375EA006C31D1 /* TestLottieVC.swift in Sources */ = {isa = PBXBuildFile; fileRef = 3E79F3252BF375EA006C31D1 /* TestLottieVC.swift */; };
		3E79F4282BF4933E006C31D1 /* toushihou3.png in Resources */ = {isa = PBXBuildFile; fileRef = 3E79F40F2BF4933D006C31D1 /* toushihou3.png */; };
		3E79F4292BF4933E006C31D1 /* biyan_______IP______.psd in Resources */ = {isa = PBXBuildFile; fileRef = 3E79F4102BF4933D006C31D1 /* biyan_______IP______.psd */; };
		3E79F42A2BF4933E006C31D1 /* bizi_______IP______.psd in Resources */ = {isa = PBXBuildFile; fileRef = 3E79F4112BF4933D006C31D1 /* bizi_______IP______.psd */; };
		3E79F42B2BF4933E006C31D1 /* lian_______IP______.psd in Resources */ = {isa = PBXBuildFile; fileRef = 3E79F4122BF4933D006C31D1 /* lian_______IP______.psd */; };
		3E79F42C2BF4933E006C31D1 /* meimao_______IP______.psd in Resources */ = {isa = PBXBuildFile; fileRef = 3E79F4132BF4933D006C31D1 /* meimao_______IP______.psd */; };
		3E79F42D2BF4933E006C31D1 /* shenti_______IP______.psd in Resources */ = {isa = PBXBuildFile; fileRef = 3E79F4142BF4933D006C31D1 /* shenti_______IP______.psd */; };
		3E79F42E2BF4933E006C31D1 /* toushihou.png in Resources */ = {isa = PBXBuildFile; fileRef = 3E79F4152BF4933D006C31D1 /* toushihou.png */; };
		3E79F42F2BF4933E006C31D1 /* toushiqian.png in Resources */ = {isa = PBXBuildFile; fileRef = 3E79F4162BF4933D006C31D1 /* toushiqian.png */; };
		3E79F4302BF4933E006C31D1 /* weixiao_______IP______.psd in Resources */ = {isa = PBXBuildFile; fileRef = 3E79F4172BF4933D006C31D1 /* weixiao_______IP______.psd */; };
		3E79F4312BF4933E006C31D1 /* xiao_______IP______.psd in Resources */ = {isa = PBXBuildFile; fileRef = 3E79F4182BF4933D006C31D1 /* xiao_______IP______.psd */; };
		3E79F4322BF4933E006C31D1 /* xiaoyan_______IP______.psd in Resources */ = {isa = PBXBuildFile; fileRef = 3E79F4192BF4933D006C31D1 /* xiaoyan_______IP______.psd */; };
		3E79F4332BF4933E006C31D1 /* youtui_______IP______.psd in Resources */ = {isa = PBXBuildFile; fileRef = 3E79F41A2BF4933D006C31D1 /* youtui_______IP______.psd */; };
		3E79F4342BF4933E006C31D1 /* yshangbi________IP______.psd in Resources */ = {isa = PBXBuildFile; fileRef = 3E79F41B2BF4933D006C31D1 /* yshangbi________IP______.psd */; };
		3E79F4352BF4933E006C31D1 /* yshangbi_______IP______.psd in Resources */ = {isa = PBXBuildFile; fileRef = 3E79F41C2BF4933D006C31D1 /* yshangbi_______IP______.psd */; };
		3E79F4362BF4933E006C31D1 /* yshouzhang_______IP______.psd in Resources */ = {isa = PBXBuildFile; fileRef = 3E79F41D2BF4933D006C31D1 /* yshouzhang_______IP______.psd */; };
		3E79F4372BF4933E006C31D1 /* yshouzhang1_______IP______.psd in Resources */ = {isa = PBXBuildFile; fileRef = 3E79F41E2BF4933D006C31D1 /* yshouzhang1_______IP______.psd */; };
		3E79F4382BF4933E006C31D1 /* yshouzhang2_______IP______.psd in Resources */ = {isa = PBXBuildFile; fileRef = 3E79F41F2BF4933D006C31D1 /* yshouzhang2_______IP______.psd */; };
		3E79F4392BF4933E006C31D1 /* yxiabi_______IP______.psd in Resources */ = {isa = PBXBuildFile; fileRef = 3E79F4202BF4933D006C31D1 /* yxiabi_______IP______.psd */; };
		3E79F43A2BF4933E006C31D1 /* yxiabi1_______IP______.psd in Resources */ = {isa = PBXBuildFile; fileRef = 3E79F4212BF4933D006C31D1 /* yxiabi1_______IP______.psd */; };
		3E79F43B2BF4933E006C31D1 /* yxiabi2_______IP______.psd in Resources */ = {isa = PBXBuildFile; fileRef = 3E79F4222BF4933D006C31D1 /* yxiabi2_______IP______.psd */; };
		3E79F43C2BF4933E006C31D1 /* zhengyan_______IP______.psd in Resources */ = {isa = PBXBuildFile; fileRef = 3E79F4232BF4933D006C31D1 /* zhengyan_______IP______.psd */; };
		3E79F43D2BF4933E006C31D1 /* zuotui_______IP______.psd in Resources */ = {isa = PBXBuildFile; fileRef = 3E79F4242BF4933D006C31D1 /* zuotui_______IP______.psd */; };
		3E79F43E2BF4933E006C31D1 /* data.json in Resources */ = {isa = PBXBuildFile; fileRef = 3E79F4262BF4933D006C31D1 /* data.json */; };
		3E79F43F2BF4933E006C31D1 /* toushiqian3.png in Resources */ = {isa = PBXBuildFile; fileRef = 3E79F4272BF4933D006C31D1 /* toushiqian3.png */; };
		DE9C119D614D1A46387A16D3 /* Pods_SlideRuler.framework in Frameworks */ = {isa = PBXBuildFile; fileRef = 31FC2A9D004CFBE8BA9540CB /* Pods_SlideRuler.framework */; };
/* End PBXBuildFile section */

/* Begin PBXContainerItemProxy section */
		3E043A3F2BE9D46B00C7DD99 /* PBXContainerItemProxy */ = {
			isa = PBXContainerItemProxy;
			containerPortal = 3E043A202BE9D46800C7DD99 /* Project object */;
			proxyType = 1;
			remoteGlobalIDString = 3E043A272BE9D46800C7DD99;
			remoteInfo = SlideRuler;
		};
		3E043A492BE9D46B00C7DD99 /* PBXContainerItemProxy */ = {
			isa = PBXContainerItemProxy;
			containerPortal = 3E043A202BE9D46800C7DD99 /* Project object */;
			proxyType = 1;
			remoteGlobalIDString = 3E043A272BE9D46800C7DD99;
			remoteInfo = SlideRuler;
		};
/* End PBXContainerItemProxy section */

/* Begin PBXFileReference section */
		31FC2A9D004CFBE8BA9540CB /* Pods_SlideRuler.framework */ = {isa = PBXFileReference; explicitFileType = wrapper.framework; includeInIndex = 0; path = Pods_SlideRuler.framework; sourceTree = BUILT_PRODUCTS_DIR; };
		3E043A282BE9D46800C7DD99 /* SlideRuler.app */ = {isa = PBXFileReference; explicitFileType = wrapper.application; includeInIndex = 0; path = SlideRuler.app; sourceTree = BUILT_PRODUCTS_DIR; };
		3E043A2B2BE9D46800C7DD99 /* AppDelegate.swift */ = {isa = PBXFileReference; lastKnownFileType = sourcecode.swift; path = AppDelegate.swift; sourceTree = "<group>"; };
		3E043A2F2BE9D46800C7DD99 /* ViewController.swift */ = {isa = PBXFileReference; lastKnownFileType = sourcecode.swift; path = ViewController.swift; sourceTree = "<group>"; };
		3E043A322BE9D46800C7DD99 /* Base */ = {isa = PBXFileReference; lastKnownFileType = file.storyboard; name = Base; path = Base.lproj/Main.storyboard; sourceTree = "<group>"; };
		3E043A342BE9D46A00C7DD99 /* Assets.xcassets */ = {isa = PBXFileReference; lastKnownFileType = folder.assetcatalog; path = Assets.xcassets; sourceTree = "<group>"; };
		3E043A372BE9D46A00C7DD99 /* Base */ = {isa = PBXFileReference; lastKnownFileType = file.storyboard; name = Base; path = Base.lproj/LaunchScreen.storyboard; sourceTree = "<group>"; };
		3E043A392BE9D46A00C7DD99 /* Info.plist */ = {isa = PBXFileReference; lastKnownFileType = text.plist.xml; path = Info.plist; sourceTree = "<group>"; };
		3E043A3E2BE9D46B00C7DD99 /* SlideRulerTests.xctest */ = {isa = PBXFileReference; explicitFileType = wrapper.cfbundle; includeInIndex = 0; path = SlideRulerTests.xctest; sourceTree = BUILT_PRODUCTS_DIR; };
		3E043A422BE9D46B00C7DD99 /* SlideRulerTests.swift */ = {isa = PBXFileReference; lastKnownFileType = sourcecode.swift; path = SlideRulerTests.swift; sourceTree = "<group>"; };
		3E043A482BE9D46B00C7DD99 /* SlideRulerUITests.xctest */ = {isa = PBXFileReference; explicitFileType = wrapper.cfbundle; includeInIndex = 0; path = SlideRulerUITests.xctest; sourceTree = BUILT_PRODUCTS_DIR; };
		3E043A4C2BE9D46B00C7DD99 /* SlideRulerUITests.swift */ = {isa = PBXFileReference; lastKnownFileType = sourcecode.swift; path = SlideRulerUITests.swift; sourceTree = "<group>"; };
		3E043A4E2BE9D46B00C7DD99 /* SlideRulerUITestsLaunchTests.swift */ = {isa = PBXFileReference; lastKnownFileType = sourcecode.swift; path = SlideRulerUITestsLaunchTests.swift; sourceTree = "<group>"; };
		3E043A5C2BE9D49600C7DD99 /* SlideRuler-Bridging-Header.h */ = {isa = PBXFileReference; lastKnownFileType = sourcecode.c.h; path = "SlideRuler-Bridging-Header.h"; sourceTree = "<group>"; };
		3E043A5D2BE9D49700C7DD99 /* STShakeManager.swift */ = {isa = PBXFileReference; fileEncoding = 4; lastKnownFileType = sourcecode.swift; path = STShakeManager.swift; sourceTree = "<group>"; };
		3E043A5E2BE9D49700C7DD99 /* RulerView.h */ = {isa = PBXFileReference; fileEncoding = 4; lastKnownFileType = sourcecode.c.h; path = RulerView.h; sourceTree = "<group>"; };
		3E043A5F2BE9D49700C7DD99 /* RulerLayout.h */ = {isa = PBXFileReference; fileEncoding = 4; lastKnownFileType = sourcecode.c.h; path = RulerLayout.h; sourceTree = "<group>"; };
		3E043A602BE9D49700C7DD99 /* UIDevice+model.swift */ = {isa = PBXFileReference; fileEncoding = 4; lastKnownFileType = sourcecode.swift; path = "UIDevice+model.swift"; sourceTree = "<group>"; };
		3E043A612BE9D49700C7DD99 /* RulerLayout.m */ = {isa = PBXFileReference; fileEncoding = 4; lastKnownFileType = sourcecode.c.objc; path = RulerLayout.m; sourceTree = "<group>"; };
		3E043A622BE9D49700C7DD99 /* RulerCollectionViewCell.m */ = {isa = PBXFileReference; fileEncoding = 4; lastKnownFileType = sourcecode.c.objc; path = RulerCollectionViewCell.m; sourceTree = "<group>"; };
		3E043A632BE9D49700C7DD99 /* RulerCollectionViewCell.h */ = {isa = PBXFileReference; fileEncoding = 4; lastKnownFileType = sourcecode.c.h; path = RulerCollectionViewCell.h; sourceTree = "<group>"; };
		3E043A642BE9D49700C7DD99 /* RulerView.m */ = {isa = PBXFileReference; fileEncoding = 4; lastKnownFileType = sourcecode.c.objc; path = RulerView.m; sourceTree = "<group>"; };
		3E06C0182BEF033800F96945 /* WaterViewController.swift */ = {isa = PBXFileReference; lastKnownFileType = sourcecode.swift; path = WaterViewController.swift; sourceTree = "<group>"; };
		3E79F3222BF3487F006C31D1 /* RippleView.swift */ = {isa = PBXFileReference; lastKnownFileType = sourcecode.swift; path = RippleView.swift; sourceTree = "<group>"; };
		3E79F3242BF375E9006C31D1 /* YLImageProvider.swift */ = {isa = PBXFileReference; fileEncoding = 4; lastKnownFileType = sourcecode.swift; path = YLImageProvider.swift; sourceTree = "<group>"; };
		3E79F3252BF375EA006C31D1 /* TestLottieVC.swift */ = {isa = PBXFileReference; fileEncoding = 4; lastKnownFileType = sourcecode.swift; path = TestLottieVC.swift; sourceTree = "<group>"; };
		3E79F40F2BF4933D006C31D1 /* toushihou3.png */ = {isa = PBXFileReference; lastKnownFileType = image.png; path = toushihou3.png; sourceTree = "<group>"; };
		3E79F4102BF4933D006C31D1 /* biyan_______IP______.psd */ = {isa = PBXFileReference; lastKnownFileType = file; path = "biyan_______IP______.psd"; sourceTree = "<group>"; };
		3E79F4112BF4933D006C31D1 /* bizi_______IP______.psd */ = {isa = PBXFileReference; lastKnownFileType = file; path = "bizi_______IP______.psd"; sourceTree = "<group>"; };
		3E79F4122BF4933D006C31D1 /* lian_______IP______.psd */ = {isa = PBXFileReference; lastKnownFileType = file; path = "lian_______IP______.psd"; sourceTree = "<group>"; };
		3E79F4132BF4933D006C31D1 /* meimao_______IP______.psd */ = {isa = PBXFileReference; lastKnownFileType = file; path = "meimao_______IP______.psd"; sourceTree = "<group>"; };
		3E79F4142BF4933D006C31D1 /* shenti_______IP______.psd */ = {isa = PBXFileReference; lastKnownFileType = file; path = "shenti_______IP______.psd"; sourceTree = "<group>"; };
		3E79F4152BF4933D006C31D1 /* toushihou.png */ = {isa = PBXFileReference; lastKnownFileType = image.png; path = toushihou.png; sourceTree = "<group>"; };
		3E79F4162BF4933D006C31D1 /* toushiqian.png */ = {isa = PBXFileReference; lastKnownFileType = image.png; path = toushiqian.png; sourceTree = "<group>"; };
		3E79F4172BF4933D006C31D1 /* weixiao_______IP______.psd */ = {isa = PBXFileReference; lastKnownFileType = file; path = "weixiao_______IP______.psd"; sourceTree = "<group>"; };
		3E79F4182BF4933D006C31D1 /* xiao_______IP______.psd */ = {isa = PBXFileReference; lastKnownFileType = file; path = "xiao_______IP______.psd"; sourceTree = "<group>"; };
		3E79F4192BF4933D006C31D1 /* xiaoyan_______IP______.psd */ = {isa = PBXFileReference; lastKnownFileType = file; path = "xiaoyan_______IP______.psd"; sourceTree = "<group>"; };
		3E79F41A2BF4933D006C31D1 /* youtui_______IP______.psd */ = {isa = PBXFileReference; lastKnownFileType = file; path = "youtui_______IP______.psd"; sourceTree = "<group>"; };
		3E79F41B2BF4933D006C31D1 /* yshangbi________IP______.psd */ = {isa = PBXFileReference; lastKnownFileType = file; path = "yshangbi________IP______.psd"; sourceTree = "<group>"; };
		3E79F41C2BF4933D006C31D1 /* yshangbi_______IP______.psd */ = {isa = PBXFileReference; lastKnownFileType = file; path = "yshangbi_______IP______.psd"; sourceTree = "<group>"; };
		3E79F41D2BF4933D006C31D1 /* yshouzhang_______IP______.psd */ = {isa = PBXFileReference; lastKnownFileType = file; path = "yshouzhang_______IP______.psd"; sourceTree = "<group>"; };
		3E79F41E2BF4933D006C31D1 /* yshouzhang1_______IP______.psd */ = {isa = PBXFileReference; lastKnownFileType = file; path = "yshouzhang1_______IP______.psd"; sourceTree = "<group>"; };
		3E79F41F2BF4933D006C31D1 /* yshouzhang2_______IP______.psd */ = {isa = PBXFileReference; lastKnownFileType = file; path = "yshouzhang2_______IP______.psd"; sourceTree = "<group>"; };
		3E79F4202BF4933D006C31D1 /* yxiabi_______IP______.psd */ = {isa = PBXFileReference; lastKnownFileType = file; path = "yxiabi_______IP______.psd"; sourceTree = "<group>"; };
		3E79F4212BF4933D006C31D1 /* yxiabi1_______IP______.psd */ = {isa = PBXFileReference; lastKnownFileType = file; path = "yxiabi1_______IP______.psd"; sourceTree = "<group>"; };
		3E79F4222BF4933D006C31D1 /* yxiabi2_______IP______.psd */ = {isa = PBXFileReference; lastKnownFileType = file; path = "yxiabi2_______IP______.psd"; sourceTree = "<group>"; };
		3E79F4232BF4933D006C31D1 /* zhengyan_______IP______.psd */ = {isa = PBXFileReference; lastKnownFileType = file; path = "zhengyan_______IP______.psd"; sourceTree = "<group>"; };
		3E79F4242BF4933D006C31D1 /* zuotui_______IP______.psd */ = {isa = PBXFileReference; lastKnownFileType = file; path = "zuotui_______IP______.psd"; sourceTree = "<group>"; };
		3E79F4262BF4933D006C31D1 /* data.json */ = {isa = PBXFileReference; fileEncoding = 4; lastKnownFileType = text.json; path = data.json; sourceTree = "<group>"; };
		3E79F4272BF4933D006C31D1 /* toushiqian3.png */ = {isa = PBXFileReference; lastKnownFileType = image.png; path = toushiqian3.png; sourceTree = "<group>"; };
		AFC1D2E48FE8A45D6FAC5211 /* Pods-SlideRuler.debug.xcconfig */ = {isa = PBXFileReference; includeInIndex = 1; lastKnownFileType = text.xcconfig; name = "Pods-SlideRuler.debug.xcconfig"; path = "Target Support Files/Pods-SlideRuler/Pods-SlideRuler.debug.xcconfig"; sourceTree = "<group>"; };
		B8A318951F68594B2D9D010A /* Pods-SlideRuler.release.xcconfig */ = {isa = PBXFileReference; includeInIndex = 1; lastKnownFileType = text.xcconfig; name = "Pods-SlideRuler.release.xcconfig"; path = "Target Support Files/Pods-SlideRuler/Pods-SlideRuler.release.xcconfig"; sourceTree = "<group>"; };
/* End PBXFileReference section */

/* Begin PBXFrameworksBuildPhase section */
		3E043A252BE9D46800C7DD99 /* Frameworks */ = {
			isa = PBXFrameworksBuildPhase;
			buildActionMask = 2147483647;
			files = (
				DE9C119D614D1A46387A16D3 /* Pods_SlideRuler.framework in Frameworks */,
			);
			runOnlyForDeploymentPostprocessing = 0;
		};
		3E043A3B2BE9D46B00C7DD99 /* Frameworks */ = {
			isa = PBXFrameworksBuildPhase;
			buildActionMask = 2147483647;
			files = (
			);
			runOnlyForDeploymentPostprocessing = 0;
		};
		3E043A452BE9D46B00C7DD99 /* Frameworks */ = {
			isa = PBXFrameworksBuildPhase;
			buildActionMask = 2147483647;
			files = (
			);
			runOnlyForDeploymentPostprocessing = 0;
		};
/* End PBXFrameworksBuildPhase section */

/* Begin PBXGroup section */
		3E043A1F2BE9D46800C7DD99 = {
			isa = PBXGroup;
			children = (
				3E043A2A2BE9D46800C7DD99 /* SlideRuler */,
				3E043A412BE9D46B00C7DD99 /* SlideRulerTests */,
				3E043A4B2BE9D46B00C7DD99 /* SlideRulerUITests */,
				3E043A292BE9D46800C7DD99 /* Products */,
				66C8561BE421CA2661A67DA7 /* Pods */,
				4B872DED95A6DD97FAF29D61 /* Frameworks */,
			);
			sourceTree = "<group>";
		};
		3E043A292BE9D46800C7DD99 /* Products */ = {
			isa = PBXGroup;
			children = (
				3E043A282BE9D46800C7DD99 /* SlideRuler.app */,
				3E043A3E2BE9D46B00C7DD99 /* SlideRulerTests.xctest */,
				3E043A482BE9D46B00C7DD99 /* SlideRulerUITests.xctest */,
			);
			name = Products;
			sourceTree = "<group>";
		};
		3E043A2A2BE9D46800C7DD99 /* SlideRuler */ = {
			isa = PBXGroup;
			children = (
				3E043A5B2BE9D47B00C7DD99 /* SildeRuler */,
				3E043A2B2BE9D46800C7DD99 /* AppDelegate.swift */,
				3E043A2F2BE9D46800C7DD99 /* ViewController.swift */,
				3E06C0182BEF033800F96945 /* WaterViewController.swift */,
				3E79F3252BF375EA006C31D1 /* TestLottieVC.swift */,
				3E79F3242BF375E9006C31D1 /* YLImageProvider.swift */,
				3E79F3282BF37639006C31D1 /* LottieRes */,
				3E79F3222BF3487F006C31D1 /* RippleView.swift */,
				3E043A5C2BE9D49600C7DD99 /* SlideRuler-Bridging-Header.h */,
				3E043A312BE9D46800C7DD99 /* Main.storyboard */,
				3E043A342BE9D46A00C7DD99 /* Assets.xcassets */,
				3E043A362BE9D46A00C7DD99 /* LaunchScreen.storyboard */,
				3E043A392BE9D46A00C7DD99 /* Info.plist */,
			);
			path = SlideRuler;
			sourceTree = "<group>";
		};
		3E043A412BE9D46B00C7DD99 /* SlideRulerTests */ = {
			isa = PBXGroup;
			children = (
				3E043A422BE9D46B00C7DD99 /* SlideRulerTests.swift */,
			);
			path = SlideRulerTests;
			sourceTree = "<group>";
		};
		3E043A4B2BE9D46B00C7DD99 /* SlideRulerUITests */ = {
			isa = PBXGroup;
			children = (
				3E043A4C2BE9D46B00C7DD99 /* SlideRulerUITests.swift */,
				3E043A4E2BE9D46B00C7DD99 /* SlideRulerUITestsLaunchTests.swift */,
			);
			path = SlideRulerUITests;
			sourceTree = "<group>";
		};
		3E043A5B2BE9D47B00C7DD99 /* SildeRuler */ = {
			isa = PBXGroup;
			children = (
				3E043A632BE9D49700C7DD99 /* RulerCollectionViewCell.h */,
				3E043A622BE9D49700C7DD99 /* RulerCollectionViewCell.m */,
				3E043A5F2BE9D49700C7DD99 /* RulerLayout.h */,
				3E043A612BE9D49700C7DD99 /* RulerLayout.m */,
				3E043A5E2BE9D49700C7DD99 /* RulerView.h */,
				3E043A642BE9D49700C7DD99 /* RulerView.m */,
				3E043A5D2BE9D49700C7DD99 /* STShakeManager.swift */,
				3E043A602BE9D49700C7DD99 /* UIDevice+model.swift */,
			);
			path = SildeRuler;
			sourceTree = "<group>";
		};
		3E79F3282BF37639006C31D1 /* LottieRes */ = {
			isa = PBXGroup;
			children = (
				3E79F4262BF4933D006C31D1 /* data.json */,
				3E79F4252BF4933D006C31D1 /* images */,
				3E79F40F2BF4933D006C31D1 /* toushihou3.png */,
				3E79F4272BF4933D006C31D1 /* toushiqian3.png */,
			);
			path = LottieRes;
			sourceTree = "<group>";
		};
		3E79F4252BF4933D006C31D1 /* images */ = {
			isa = PBXGroup;
			children = (
				3E79F4102BF4933D006C31D1 /* biyan_______IP______.psd */,
				3E79F4112BF4933D006C31D1 /* bizi_______IP______.psd */,
				3E79F4122BF4933D006C31D1 /* lian_______IP______.psd */,
				3E79F4132BF4933D006C31D1 /* meimao_______IP______.psd */,
				3E79F4142BF4933D006C31D1 /* shenti_______IP______.psd */,
				3E79F4152BF4933D006C31D1 /* toushihou.png */,
				3E79F4162BF4933D006C31D1 /* toushiqian.png */,
				3E79F4172BF4933D006C31D1 /* weixiao_______IP______.psd */,
				3E79F4182BF4933D006C31D1 /* xiao_______IP______.psd */,
				3E79F4192BF4933D006C31D1 /* xiaoyan_______IP______.psd */,
				3E79F41A2BF4933D006C31D1 /* youtui_______IP______.psd */,
				3E79F41B2BF4933D006C31D1 /* yshangbi________IP______.psd */,
				3E79F41C2BF4933D006C31D1 /* yshangbi_______IP______.psd */,
				3E79F41D2BF4933D006C31D1 /* yshouzhang_______IP______.psd */,
				3E79F41E2BF4933D006C31D1 /* yshouzhang1_______IP______.psd */,
				3E79F41F2BF4933D006C31D1 /* yshouzhang2_______IP______.psd */,
				3E79F4202BF4933D006C31D1 /* yxiabi_______IP______.psd */,
				3E79F4212BF4933D006C31D1 /* yxiabi1_______IP______.psd */,
				3E79F4222BF4933D006C31D1 /* yxiabi2_______IP______.psd */,
				3E79F4232BF4933D006C31D1 /* zhengyan_______IP______.psd */,
				3E79F4242BF4933D006C31D1 /* zuotui_______IP______.psd */,
			);
			path = images;
			sourceTree = "<group>";
		};
		4B872DED95A6DD97FAF29D61 /* Frameworks */ = {
			isa = PBXGroup;
			children = (
				31FC2A9D004CFBE8BA9540CB /* Pods_SlideRuler.framework */,
			);
			name = Frameworks;
			sourceTree = "<group>";
		};
		66C8561BE421CA2661A67DA7 /* Pods */ = {
			isa = PBXGroup;
			children = (
				AFC1D2E48FE8A45D6FAC5211 /* Pods-SlideRuler.debug.xcconfig */,
				B8A318951F68594B2D9D010A /* Pods-SlideRuler.release.xcconfig */,
			);
			path = Pods;
			sourceTree = "<group>";
		};
/* End PBXGroup section */

/* Begin PBXNativeTarget section */
		3E043A272BE9D46800C7DD99 /* SlideRuler */ = {
			isa = PBXNativeTarget;
			buildConfigurationList = 3E043A522BE9D46B00C7DD99 /* Build configuration list for PBXNativeTarget "SlideRuler" */;
			buildPhases = (
				C6C37A1496B6E90A1593E7F2 /* [CP] Check Pods Manifest.lock */,
				3E043A242BE9D46800C7DD99 /* Sources */,
				3E043A252BE9D46800C7DD99 /* Frameworks */,
				3E043A262BE9D46800C7DD99 /* Resources */,
				E0950229B783AE34729BABA2 /* [CP] Embed Pods Frameworks */,
			);
			buildRules = (
			);
			dependencies = (
			);
			name = SlideRuler;
			productName = SlideRuler;
			productReference = 3E043A282BE9D46800C7DD99 /* SlideRuler.app */;
			productType = "com.apple.product-type.application";
		};
		3E043A3D2BE9D46B00C7DD99 /* SlideRulerTests */ = {
			isa = PBXNativeTarget;
			buildConfigurationList = 3E043A552BE9D46B00C7DD99 /* Build configuration list for PBXNativeTarget "SlideRulerTests" */;
			buildPhases = (
				3E043A3A2BE9D46B00C7DD99 /* Sources */,
				3E043A3B2BE9D46B00C7DD99 /* Frameworks */,
				3E043A3C2BE9D46B00C7DD99 /* Resources */,
			);
			buildRules = (
			);
			dependencies = (
				3E043A402BE9D46B00C7DD99 /* PBXTargetDependency */,
			);
			name = SlideRulerTests;
			productName = SlideRulerTests;
			productReference = 3E043A3E2BE9D46B00C7DD99 /* SlideRulerTests.xctest */;
			productType = "com.apple.product-type.bundle.unit-test";
		};
		3E043A472BE9D46B00C7DD99 /* SlideRulerUITests */ = {
			isa = PBXNativeTarget;
			buildConfigurationList = 3E043A582BE9D46B00C7DD99 /* Build configuration list for PBXNativeTarget "SlideRulerUITests" */;
			buildPhases = (
				3E043A442BE9D46B00C7DD99 /* Sources */,
				3E043A452BE9D46B00C7DD99 /* Frameworks */,
				3E043A462BE9D46B00C7DD99 /* Resources */,
			);
			buildRules = (
			);
			dependencies = (
				3E043A4A2BE9D46B00C7DD99 /* PBXTargetDependency */,
			);
			name = SlideRulerUITests;
			productName = SlideRulerUITests;
			productReference = 3E043A482BE9D46B00C7DD99 /* SlideRulerUITests.xctest */;
			productType = "com.apple.product-type.bundle.ui-testing";
		};
/* End PBXNativeTarget section */

/* Begin PBXProject section */
		3E043A202BE9D46800C7DD99 /* Project object */ = {
			isa = PBXProject;
			attributes = {
				BuildIndependentTargetsInParallel = 1;
				LastSwiftUpdateCheck = 1530;
				LastUpgradeCheck = 1530;
				TargetAttributes = {
					3E043A272BE9D46800C7DD99 = {
						CreatedOnToolsVersion = 15.3;
						LastSwiftMigration = 1530;
					};
					3E043A3D2BE9D46B00C7DD99 = {
						CreatedOnToolsVersion = 15.3;
						TestTargetID = 3E043A272BE9D46800C7DD99;
					};
					3E043A472BE9D46B00C7DD99 = {
						CreatedOnToolsVersion = 15.3;
						TestTargetID = 3E043A272BE9D46800C7DD99;
					};
				};
			};
			buildConfigurationList = 3E043A232BE9D46800C7DD99 /* Build configuration list for PBXProject "SlideRuler" */;
			compatibilityVersion = "Xcode 14.0";
			developmentRegion = en;
			hasScannedForEncodings = 0;
			knownRegions = (
				en,
				Base,
			);
			mainGroup = 3E043A1F2BE9D46800C7DD99;
			productRefGroup = 3E043A292BE9D46800C7DD99 /* Products */;
			projectDirPath = "";
			projectRoot = "";
			targets = (
				3E043A272BE9D46800C7DD99 /* SlideRuler */,
				3E043A3D2BE9D46B00C7DD99 /* SlideRulerTests */,
				3E043A472BE9D46B00C7DD99 /* SlideRulerUITests */,
			);
		};
/* End PBXProject section */

/* Begin PBXResourcesBuildPhase section */
		3E043A262BE9D46800C7DD99 /* Resources */ = {
			isa = PBXResourcesBuildPhase;
			buildActionMask = 2147483647;
			files = (
				3E79F43C2BF4933E006C31D1 /* zhengyan_______IP______.psd in Resources */,
				3E79F43B2BF4933E006C31D1 /* yxiabi2_______IP______.psd in Resources */,
				3E79F4372BF4933E006C31D1 /* yshouzhang1_______IP______.psd in Resources */,
				3E79F43E2BF4933E006C31D1 /* data.json in Resources */,
				3E79F42E2BF4933E006C31D1 /* toushihou.png in Resources */,
				3E79F4342BF4933E006C31D1 /* yshangbi________IP______.psd in Resources */,
				3E79F4302BF4933E006C31D1 /* weixiao_______IP______.psd in Resources */,
				3E79F43F2BF4933E006C31D1 /* toushiqian3.png in Resources */,
				3E79F4322BF4933E006C31D1 /* xiaoyan_______IP______.psd in Resources */,
				3E79F42A2BF4933E006C31D1 /* bizi_______IP______.psd in Resources */,
				3E79F4392BF4933E006C31D1 /* yxiabi_______IP______.psd in Resources */,
				3E79F4292BF4933E006C31D1 /* biyan_______IP______.psd in Resources */,
				3E79F42C2BF4933E006C31D1 /* meimao_______IP______.psd in Resources */,
				3E79F4332BF4933E006C31D1 /* youtui_______IP______.psd in Resources */,
				3E79F43A2BF4933E006C31D1 /* yxiabi1_______IP______.psd in Resources */,
				3E79F42D2BF4933E006C31D1 /* shenti_______IP______.psd in Resources */,
				3E79F4312BF4933E006C31D1 /* xiao_______IP______.psd in Resources */,
				3E79F4282BF4933E006C31D1 /* toushihou3.png in Resources */,
				3E79F4352BF4933E006C31D1 /* yshangbi_______IP______.psd in Resources */,
				3E79F43D2BF4933E006C31D1 /* zuotui_______IP______.psd in Resources */,
				3E79F4382BF4933E006C31D1 /* yshouzhang2_______IP______.psd in Resources */,
				3E79F4362BF4933E006C31D1 /* yshouzhang_______IP______.psd in Resources */,
				3E043A352BE9D46A00C7DD99 /* Assets.xcassets in Resources */,
				3E043A382BE9D46A00C7DD99 /* Base in Resources */,
				3E79F42F2BF4933E006C31D1 /* toushiqian.png in Resources */,
				3E043A332BE9D46800C7DD99 /* Base in Resources */,
				3E79F42B2BF4933E006C31D1 /* lian_______IP______.psd in Resources */,
			);
			runOnlyForDeploymentPostprocessing = 0;
		};
		3E043A3C2BE9D46B00C7DD99 /* Resources */ = {
			isa = PBXResourcesBuildPhase;
			buildActionMask = 2147483647;
			files = (
			);
			runOnlyForDeploymentPostprocessing = 0;
		};
		3E043A462BE9D46B00C7DD99 /* Resources */ = {
			isa = PBXResourcesBuildPhase;
			buildActionMask = 2147483647;
			files = (
			);
			runOnlyForDeploymentPostprocessing = 0;
		};
/* End PBXResourcesBuildPhase section */

/* Begin PBXShellScriptBuildPhase section */
		C6C37A1496B6E90A1593E7F2 /* [CP] Check Pods Manifest.lock */ = {
			isa = PBXShellScriptBuildPhase;
			buildActionMask = 2147483647;
			files = (
			);
			inputFileListPaths = (
			);
			inputPaths = (
				"${PODS_PODFILE_DIR_PATH}/Podfile.lock",
				"${PODS_ROOT}/Manifest.lock",
			);
			name = "[CP] Check Pods Manifest.lock";
			outputFileListPaths = (
			);
			outputPaths = (
				"$(DERIVED_FILE_DIR)/Pods-SlideRuler-checkManifestLockResult.txt",
			);
			runOnlyForDeploymentPostprocessing = 0;
			shellPath = /bin/sh;
			shellScript = "diff \"${PODS_PODFILE_DIR_PATH}/Podfile.lock\" \"${PODS_ROOT}/Manifest.lock\" > /dev/null\nif [ $? != 0 ] ; then\n    # print error to STDERR\n    echo \"error: The sandbox is not in sync with the Podfile.lock. Run 'pod install' or update your CocoaPods installation.\" >&2\n    exit 1\nfi\n# This output is used by Xcode 'outputs' to avoid re-running this script phase.\necho \"SUCCESS\" > \"${SCRIPT_OUTPUT_FILE_0}\"\n";
			showEnvVarsInLog = 0;
		};
		E0950229B783AE34729BABA2 /* [CP] Embed Pods Frameworks */ = {
			isa = PBXShellScriptBuildPhase;
			buildActionMask = 2147483647;
			files = (
			);
			inputFileListPaths = (
				"${PODS_ROOT}/Target Support Files/Pods-SlideRuler/Pods-SlideRuler-frameworks-${CONFIGURATION}-input-files.xcfilelist",
			);
			name = "[CP] Embed Pods Frameworks";
			outputFileListPaths = (
				"${PODS_ROOT}/Target Support Files/Pods-SlideRuler/Pods-SlideRuler-frameworks-${CONFIGURATION}-output-files.xcfilelist",
			);
			runOnlyForDeploymentPostprocessing = 0;
			shellPath = /bin/sh;
			shellScript = "\"${PODS_ROOT}/Target Support Files/Pods-SlideRuler/Pods-SlideRuler-frameworks.sh\"\n";
			showEnvVarsInLog = 0;
		};
/* End PBXShellScriptBuildPhase section */

/* Begin PBXSourcesBuildPhase section */
		3E043A242BE9D46800C7DD99 /* Sources */ = {
			isa = PBXSourcesBuildPhase;
			buildActionMask = 2147483647;
			files = (
				3E043A652BE9D49700C7DD99 /* STShakeManager.swift in Sources */,
				3E043A662BE9D49700C7DD99 /* UIDevice+model.swift in Sources */,
				3E043A692BE9D49700C7DD99 /* RulerView.m in Sources */,
				3E043A672BE9D49700C7DD99 /* RulerLayout.m in Sources */,
				3E043A682BE9D49700C7DD99 /* RulerCollectionViewCell.m in Sources */,
				3E043A302BE9D46800C7DD99 /* ViewController.swift in Sources */,
				3E79F3232BF3487F006C31D1 /* RippleView.swift in Sources */,
				3E79F3262BF375EA006C31D1 /* YLImageProvider.swift in Sources */,
				3E79F3272BF375EA006C31D1 /* TestLottieVC.swift in Sources */,
				3E06C0192BEF033800F96945 /* WaterViewController.swift in Sources */,
				3E043A2C2BE9D46800C7DD99 /* AppDelegate.swift in Sources */,
			);
			runOnlyForDeploymentPostprocessing = 0;
		};
		3E043A3A2BE9D46B00C7DD99 /* Sources */ = {
			isa = PBXSourcesBuildPhase;
			buildActionMask = 2147483647;
			files = (
				3E043A432BE9D46B00C7DD99 /* SlideRulerTests.swift in Sources */,
			);
			runOnlyForDeploymentPostprocessing = 0;
		};
		3E043A442BE9D46B00C7DD99 /* Sources */ = {
			isa = PBXSourcesBuildPhase;
			buildActionMask = 2147483647;
			files = (
				3E043A4D2BE9D46B00C7DD99 /* SlideRulerUITests.swift in Sources */,
				3E043A4F2BE9D46B00C7DD99 /* SlideRulerUITestsLaunchTests.swift in Sources */,
			);
			runOnlyForDeploymentPostprocessing = 0;
		};
/* End PBXSourcesBuildPhase section */

/* Begin PBXTargetDependency section */
		3E043A402BE9D46B00C7DD99 /* PBXTargetDependency */ = {
			isa = PBXTargetDependency;
			target = 3E043A272BE9D46800C7DD99 /* SlideRuler */;
			targetProxy = 3E043A3F2BE9D46B00C7DD99 /* PBXContainerItemProxy */;
		};
		3E043A4A2BE9D46B00C7DD99 /* PBXTargetDependency */ = {
			isa = PBXTargetDependency;
			target = 3E043A272BE9D46800C7DD99 /* SlideRuler */;
			targetProxy = 3E043A492BE9D46B00C7DD99 /* PBXContainerItemProxy */;
		};
/* End PBXTargetDependency section */

/* Begin PBXVariantGroup section */
		3E043A312BE9D46800C7DD99 /* Main.storyboard */ = {
			isa = PBXVariantGroup;
			children = (
				3E043A322BE9D46800C7DD99 /* Base */,
			);
			name = Main.storyboard;
			sourceTree = "<group>";
		};
		3E043A362BE9D46A00C7DD99 /* LaunchScreen.storyboard */ = {
			isa = PBXVariantGroup;
			children = (
				3E043A372BE9D46A00C7DD99 /* Base */,
			);
			name = LaunchScreen.storyboard;
			sourceTree = "<group>";
		};
/* End PBXVariantGroup section */

/* Begin XCBuildConfiguration section */
		3E043A502BE9D46B00C7DD99 /* Debug */ = {
			isa = XCBuildConfiguration;
			buildSettings = {
				ALWAYS_SEARCH_USER_PATHS = NO;
				ASSETCATALOG_COMPILER_GENERATE_SWIFT_ASSET_SYMBOL_EXTENSIONS = YES;
				CLANG_ANALYZER_NONNULL = YES;
				CLANG_ANALYZER_NUMBER_OBJECT_CONVERSION = YES_AGGRESSIVE;
				CLANG_CXX_LANGUAGE_STANDARD = "gnu++20";
				CLANG_ENABLE_MODULES = YES;
				CLANG_ENABLE_OBJC_ARC = YES;
				CLANG_ENABLE_OBJC_WEAK = YES;
				CLANG_WARN_BLOCK_CAPTURE_AUTORELEASING = YES;
				CLANG_WARN_BOOL_CONVERSION = YES;
				CLANG_WARN_COMMA = YES;
				CLANG_WARN_CONSTANT_CONVERSION = YES;
				CLANG_WARN_DEPRECATED_OBJC_IMPLEMENTATIONS = YES;
				CLANG_WARN_DIRECT_OBJC_ISA_USAGE = YES_ERROR;
				CLANG_WARN_DOCUMENTATION_COMMENTS = YES;
				CLANG_WARN_EMPTY_BODY = YES;
				CLANG_WARN_ENUM_CONVERSION = YES;
				CLANG_WARN_INFINITE_RECURSION = YES;
				CLANG_WARN_INT_CONVERSION = YES;
				CLANG_WARN_NON_LITERAL_NULL_CONVERSION = YES;
				CLANG_WARN_OBJC_IMPLICIT_RETAIN_SELF = YES;
				CLANG_WARN_OBJC_LITERAL_CONVERSION = YES;
				CLANG_WARN_OBJC_ROOT_CLASS = YES_ERROR;
				CLANG_WARN_QUOTED_INCLUDE_IN_FRAMEWORK_HEADER = YES;
				CLANG_WARN_RANGE_LOOP_ANALYSIS = YES;
				CLANG_WARN_STRICT_PROTOTYPES = YES;
				CLANG_WARN_SUSPICIOUS_MOVE = YES;
				CLANG_WARN_UNGUARDED_AVAILABILITY = YES_AGGRESSIVE;
				CLANG_WARN_UNREACHABLE_CODE = YES;
				CLANG_WARN__DUPLICATE_METHOD_MATCH = YES;
				COPY_PHASE_STRIP = NO;
				DEBUG_INFORMATION_FORMAT = dwarf;
				ENABLE_STRICT_OBJC_MSGSEND = YES;
				ENABLE_TESTABILITY = YES;
				ENABLE_USER_SCRIPT_SANDBOXING = YES;
				GCC_C_LANGUAGE_STANDARD = gnu17;
				GCC_DYNAMIC_NO_PIC = NO;
				GCC_NO_COMMON_BLOCKS = YES;
				GCC_OPTIMIZATION_LEVEL = 0;
				GCC_PREPROCESSOR_DEFINITIONS = (
					"DEBUG=1",
					"$(inherited)",
				);
				GCC_WARN_64_TO_32_BIT_CONVERSION = YES;
				GCC_WARN_ABOUT_RETURN_TYPE = YES_ERROR;
				GCC_WARN_UNDECLARED_SELECTOR = YES;
				GCC_WARN_UNINITIALIZED_AUTOS = YES_AGGRESSIVE;
				GCC_WARN_UNUSED_FUNCTION = YES;
				GCC_WARN_UNUSED_VARIABLE = YES;
				IPHONEOS_DEPLOYMENT_TARGET = 13.0;
				LOCALIZATION_PREFERS_STRING_CATALOGS = YES;
				MTL_ENABLE_DEBUG_INFO = INCLUDE_SOURCE;
				MTL_FAST_MATH = YES;
				ONLY_ACTIVE_ARCH = YES;
				SDKROOT = iphoneos;
				SWIFT_ACTIVE_COMPILATION_CONDITIONS = "DEBUG $(inherited)";
				SWIFT_OPTIMIZATION_LEVEL = "-Onone";
			};
			name = Debug;
		};
		3E043A512BE9D46B00C7DD99 /* Release */ = {
			isa = XCBuildConfiguration;
			buildSettings = {
				ALWAYS_SEARCH_USER_PATHS = NO;
				ASSETCATALOG_COMPILER_GENERATE_SWIFT_ASSET_SYMBOL_EXTENSIONS = YES;
				CLANG_ANALYZER_NONNULL = YES;
				CLANG_ANALYZER_NUMBER_OBJECT_CONVERSION = YES_AGGRESSIVE;
				CLANG_CXX_LANGUAGE_STANDARD = "gnu++20";
				CLANG_ENABLE_MODULES = YES;
				CLANG_ENABLE_OBJC_ARC = YES;
				CLANG_ENABLE_OBJC_WEAK = YES;
				CLANG_WARN_BLOCK_CAPTURE_AUTORELEASING = YES;
				CLANG_WARN_BOOL_CONVERSION = YES;
				CLANG_WARN_COMMA = YES;
				CLANG_WARN_CONSTANT_CONVERSION = YES;
				CLANG_WARN_DEPRECATED_OBJC_IMPLEMENTATIONS = YES;
				CLANG_WARN_DIRECT_OBJC_ISA_USAGE = YES_ERROR;
				CLANG_WARN_DOCUMENTATION_COMMENTS = YES;
				CLANG_WARN_EMPTY_BODY = YES;
				CLANG_WARN_ENUM_CONVERSION = YES;
				CLANG_WARN_INFINITE_RECURSION = YES;
				CLANG_WARN_INT_CONVERSION = YES;
				CLANG_WARN_NON_LITERAL_NULL_CONVERSION = YES;
				CLANG_WARN_OBJC_IMPLICIT_RETAIN_SELF = YES;
				CLANG_WARN_OBJC_LITERAL_CONVERSION = YES;
				CLANG_WARN_OBJC_ROOT_CLASS = YES_ERROR;
				CLANG_WARN_QUOTED_INCLUDE_IN_FRAMEWORK_HEADER = YES;
				CLANG_WARN_RANGE_LOOP_ANALYSIS = YES;
				CLANG_WARN_STRICT_PROTOTYPES = YES;
				CLANG_WARN_SUSPICIOUS_MOVE = YES;
				CLANG_WARN_UNGUARDED_AVAILABILITY = YES_AGGRESSIVE;
				CLANG_WARN_UNREACHABLE_CODE = YES;
				CLANG_WARN__DUPLICATE_METHOD_MATCH = YES;
				COPY_PHASE_STRIP = NO;
				DEBUG_INFORMATION_FORMAT = "dwarf-with-dsym";
				ENABLE_NS_ASSERTIONS = NO;
				ENABLE_STRICT_OBJC_MSGSEND = YES;
				ENABLE_USER_SCRIPT_SANDBOXING = YES;
				GCC_C_LANGUAGE_STANDARD = gnu17;
				GCC_NO_COMMON_BLOCKS = YES;
				GCC_WARN_64_TO_32_BIT_CONVERSION = YES;
				GCC_WARN_ABOUT_RETURN_TYPE = YES_ERROR;
				GCC_WARN_UNDECLARED_SELECTOR = YES;
				GCC_WARN_UNINITIALIZED_AUTOS = YES_AGGRESSIVE;
				GCC_WARN_UNUSED_FUNCTION = YES;
				GCC_WARN_UNUSED_VARIABLE = YES;
				IPHONEOS_DEPLOYMENT_TARGET = 13.0;
				LOCALIZATION_PREFERS_STRING_CATALOGS = YES;
				MTL_ENABLE_DEBUG_INFO = NO;
				MTL_FAST_MATH = YES;
				SDKROOT = iphoneos;
				SWIFT_COMPILATION_MODE = wholemodule;
				VALIDATE_PRODUCT = YES;
			};
			name = Release;
		};
		3E043A532BE9D46B00C7DD99 /* Debug */ = {
			isa = XCBuildConfiguration;
			baseConfigurationReference = AFC1D2E48FE8A45D6FAC5211 /* Pods-SlideRuler.debug.xcconfig */;
			buildSettings = {
				ASSETCATALOG_COMPILER_APPICON_NAME = AppIcon;
				ASSETCATALOG_COMPILER_GLOBAL_ACCENT_COLOR_NAME = AccentColor;
				CLANG_ENABLE_MODULES = YES;
				CODE_SIGN_STYLE = Automatic;
				CURRENT_PROJECT_VERSION = 1;
				DEVELOPMENT_TEAM = D8KF282UZZ;
				ENABLE_USER_SCRIPT_SANDBOXING = NO;
				GENERATE_INFOPLIST_FILE = YES;
				INFOPLIST_FILE = SlideRuler/Info.plist;
				INFOPLIST_KEY_UIApplicationSupportsIndirectInputEvents = YES;
				INFOPLIST_KEY_UILaunchStoryboardName = LaunchScreen;
				INFOPLIST_KEY_UIMainStoryboardFile = Main;
				INFOPLIST_KEY_UISupportedInterfaceOrientations_iPad = "UIInterfaceOrientationPortrait UIInterfaceOrientationPortraitUpsideDown UIInterfaceOrientationLandscapeLeft UIInterfaceOrientationLandscapeRight";
				INFOPLIST_KEY_UISupportedInterfaceOrientations_iPhone = "UIInterfaceOrientationPortrait UIInterfaceOrientationLandscapeLeft UIInterfaceOrientationLandscapeRight";
				IPHONEOS_DEPLOYMENT_TARGET = 13.0;
				LD_RUNPATH_SEARCH_PATHS = (
					"$(inherited)",
					"@executable_path/Frameworks",
				);
				MARKETING_VERSION = 1.0;
				PRODUCT_BUNDLE_IDENTIFIER = wl.SlideRuler.SlideRuler;
				PRODUCT_NAME = "$(TARGET_NAME)";
				SWIFT_EMIT_LOC_STRINGS = YES;
				SWIFT_OBJC_BRIDGING_HEADER = "SlideRuler/SlideRuler-Bridging-Header.h";
				SWIFT_OPTIMIZATION_LEVEL = "-Onone";
				SWIFT_VERSION = 5.0;
				TARGETED_DEVICE_FAMILY = "1,2";
			};
			name = Debug;
		};
		3E043A542BE9D46B00C7DD99 /* Release */ = {
			isa = XCBuildConfiguration;
			baseConfigurationReference = B8A318951F68594B2D9D010A /* Pods-SlideRuler.release.xcconfig */;
			buildSettings = {
				ASSETCATALOG_COMPILER_APPICON_NAME = AppIcon;
				ASSETCATALOG_COMPILER_GLOBAL_ACCENT_COLOR_NAME = AccentColor;
				CLANG_ENABLE_MODULES = YES;
				CODE_SIGN_STYLE = Automatic;
				CURRENT_PROJECT_VERSION = 1;
				DEVELOPMENT_TEAM = D8KF282UZZ;
				ENABLE_USER_SCRIPT_SANDBOXING = NO;
				GENERATE_INFOPLIST_FILE = YES;
				INFOPLIST_FILE = SlideRuler/Info.plist;
				INFOPLIST_KEY_UIApplicationSupportsIndirectInputEvents = YES;
				INFOPLIST_KEY_UILaunchStoryboardName = LaunchScreen;
				INFOPLIST_KEY_UIMainStoryboardFile = Main;
				INFOPLIST_KEY_UISupportedInterfaceOrientations_iPad = "UIInterfaceOrientationPortrait UIInterfaceOrientationPortraitUpsideDown UIInterfaceOrientationLandscapeLeft UIInterfaceOrientationLandscapeRight";
				INFOPLIST_KEY_UISupportedInterfaceOrientations_iPhone = "UIInterfaceOrientationPortrait UIInterfaceOrientationLandscapeLeft UIInterfaceOrientationLandscapeRight";
				IPHONEOS_DEPLOYMENT_TARGET = 13.0;
				LD_RUNPATH_SEARCH_PATHS = (
					"$(inherited)",
					"@executable_path/Frameworks",
				);
				MARKETING_VERSION = 1.0;
				PRODUCT_BUNDLE_IDENTIFIER = wl.SlideRuler.SlideRuler;
				PRODUCT_NAME = "$(TARGET_NAME)";
				SWIFT_EMIT_LOC_STRINGS = YES;
				SWIFT_OBJC_BRIDGING_HEADER = "SlideRuler/SlideRuler-Bridging-Header.h";
				SWIFT_VERSION = 5.0;
				TARGETED_DEVICE_FAMILY = "1,2";
			};
			name = Release;
		};
		3E043A562BE9D46B00C7DD99 /* Debug */ = {
			isa = XCBuildConfiguration;
			buildSettings = {
				ALWAYS_EMBED_SWIFT_STANDARD_LIBRARIES = YES;
				BUNDLE_LOADER = "$(TEST_HOST)";
				CODE_SIGN_STYLE = Automatic;
				CURRENT_PROJECT_VERSION = 1;
				DEVELOPMENT_TEAM = D8KF282UZZ;
				GENERATE_INFOPLIST_FILE = YES;
				IPHONEOS_DEPLOYMENT_TARGET = 17.4;
				MARKETING_VERSION = 1.0;
				PRODUCT_BUNDLE_IDENTIFIER = wl.SlideRuler.SlideRulerTests;
				PRODUCT_NAME = "$(TARGET_NAME)";
				SWIFT_EMIT_LOC_STRINGS = NO;
				SWIFT_VERSION = 5.0;
				TARGETED_DEVICE_FAMILY = "1,2";
				TEST_HOST = "$(BUILT_PRODUCTS_DIR)/SlideRuler.app/$(BUNDLE_EXECUTABLE_FOLDER_PATH)/SlideRuler";
			};
			name = Debug;
		};
		3E043A572BE9D46B00C7DD99 /* Release */ = {
			isa = XCBuildConfiguration;
			buildSettings = {
				ALWAYS_EMBED_SWIFT_STANDARD_LIBRARIES = YES;
				BUNDLE_LOADER = "$(TEST_HOST)";
				CODE_SIGN_STYLE = Automatic;
				CURRENT_PROJECT_VERSION = 1;
				DEVELOPMENT_TEAM = D8KF282UZZ;
				GENERATE_INFOPLIST_FILE = YES;
				IPHONEOS_DEPLOYMENT_TARGET = 17.4;
				MARKETING_VERSION = 1.0;
				PRODUCT_BUNDLE_IDENTIFIER = wl.SlideRuler.SlideRulerTests;
				PRODUCT_NAME = "$(TARGET_NAME)";
				SWIFT_EMIT_LOC_STRINGS = NO;
				SWIFT_VERSION = 5.0;
				TARGETED_DEVICE_FAMILY = "1,2";
				TEST_HOST = "$(BUILT_PRODUCTS_DIR)/SlideRuler.app/$(BUNDLE_EXECUTABLE_FOLDER_PATH)/SlideRuler";
			};
			name = Release;
		};
		3E043A592BE9D46B00C7DD99 /* Debug */ = {
			isa = XCBuildConfiguration;
			buildSettings = {
				ALWAYS_EMBED_SWIFT_STANDARD_LIBRARIES = YES;
				CODE_SIGN_STYLE = Automatic;
				CURRENT_PROJECT_VERSION = 1;
				DEVELOPMENT_TEAM = D8KF282UZZ;
				GENERATE_INFOPLIST_FILE = YES;
				MARKETING_VERSION = 1.0;
				PRODUCT_BUNDLE_IDENTIFIER = wl.SlideRuler.SlideRulerUITests;
				PRODUCT_NAME = "$(TARGET_NAME)";
				SWIFT_EMIT_LOC_STRINGS = NO;
				SWIFT_VERSION = 5.0;
				TARGETED_DEVICE_FAMILY = "1,2";
				TEST_TARGET_NAME = SlideRuler;
			};
			name = Debug;
		};
		3E043A5A2BE9D46B00C7DD99 /* Release */ = {
			isa = XCBuildConfiguration;
			buildSettings = {
				ALWAYS_EMBED_SWIFT_STANDARD_LIBRARIES = YES;
				CODE_SIGN_STYLE = Automatic;
				CURRENT_PROJECT_VERSION = 1;
				DEVELOPMENT_TEAM = D8KF282UZZ;
				GENERATE_INFOPLIST_FILE = YES;
				MARKETING_VERSION = 1.0;
				PRODUCT_BUNDLE_IDENTIFIER = wl.SlideRuler.SlideRulerUITests;
				PRODUCT_NAME = "$(TARGET_NAME)";
				SWIFT_EMIT_LOC_STRINGS = NO;
				SWIFT_VERSION = 5.0;
				TARGETED_DEVICE_FAMILY = "1,2";
				TEST_TARGET_NAME = SlideRuler;
			};
			name = Release;
		};
/* End XCBuildConfiguration section */

/* Begin XCConfigurationList section */
		3E043A232BE9D46800C7DD99 /* Build configuration list for PBXProject "SlideRuler" */ = {
			isa = XCConfigurationList;
			buildConfigurations = (
				3E043A502BE9D46B00C7DD99 /* Debug */,
				3E043A512BE9D46B00C7DD99 /* Release */,
			);
			defaultConfigurationIsVisible = 0;
			defaultConfigurationName = Release;
		};
		3E043A522BE9D46B00C7DD99 /* Build configuration list for PBXNativeTarget "SlideRuler" */ = {
			isa = XCConfigurationList;
			buildConfigurations = (
				3E043A532BE9D46B00C7DD99 /* Debug */,
				3E043A542BE9D46B00C7DD99 /* Release */,
			);
			defaultConfigurationIsVisible = 0;
			defaultConfigurationName = Release;
		};
		3E043A552BE9D46B00C7DD99 /* Build configuration list for PBXNativeTarget "SlideRulerTests" */ = {
			isa = XCConfigurationList;
			buildConfigurations = (
				3E043A562BE9D46B00C7DD99 /* Debug */,
				3E043A572BE9D46B00C7DD99 /* Release */,
			);
			defaultConfigurationIsVisible = 0;
			defaultConfigurationName = Release;
		};
		3E043A582BE9D46B00C7DD99 /* Build configuration list for PBXNativeTarget "SlideRulerUITests" */ = {
			isa = XCConfigurationList;
			buildConfigurations = (
				3E043A592BE9D46B00C7DD99 /* Debug */,
				3E043A5A2BE9D46B00C7DD99 /* Release */,
			);
			defaultConfigurationIsVisible = 0;
			defaultConfigurationName = Release;
		};
/* End XCConfigurationList section */
	};
	rootObject = 3E043A202BE9D46800C7DD99 /* Project object */;
}
